
Microsoft Visual Studio Solution File, Format Version 12.00
# Visual Studio 15
VisualStudioVersion = 15.0.28307.136
MinimumVisualStudioVersion = 10.0.40219.1
Project("{FAE04EC0-301F-11D3-BF4B-00C04F79EFBC}") = "CheckOut", "CheckOut\CheckOut.csproj", "{BF426216-6C72-4E56-8C27-0873DFA337E0}"
EndProject
Global
	GlobalSection(SolutionConfigurationPlatforms) = preSolution
		Debug|Any CPU = Debug|Any CPU
		Release|Any CPU = Release|Any CPU
	EndGlobalSection
	GlobalSection(ProjectConfigurationPlatforms) = postSolution
		{BF426216-6C72-4E56-8C27-0873DFA337E0}.Debug|Any CPU.ActiveCfg = Debug|Any CPU
		{BF426216-6C72-4E56-8C27-0873DFA337E0}.Debug|Any CPU.Build.0 = Debug|Any CPU
		{BF426216-6C72-4E56-8C27-0873DFA337E0}.Release|Any CPU.ActiveCfg = Release|Any CPU
		{BF426216-6C72-4E56-8C27-0873DFA337E0}.Release|Any CPU.Build.0 = Release|Any CPU
	EndGlobalSection
	GlobalSection(SolutionProperties) = preSolution
		HideSolutionNode = FALSE
	EndGlobalSection
	GlobalSection(ExtensibilityGlobals) = postSolution
		SolutionGuid = {5A63EC1C-B333-4C69-B24A-1E3EA7168134}
	EndGlobalSection
EndGlobal
